github.com/ftrvxmtrx/fd v0.0.0-20150925145434-c6d800382fff h1:zk1wwii7uXmI0znwU+lqg+wFL9G5+vm5I+9rv2let60=
github.com/ftrvxmtrx/fd v0.0.0-20150925145434-c6d800382fff/go.mod h1:yUhRXHewUVJ1k89wHKP68xfzk7kwXUx/DV1nx4EBMbw=
github.com/go-stack/stack v1.8.0 h1:5SgMzNM5HxrEjV0ww2lTmX6E2Izsfxas4+YHWRs3Lsk=
github.com/go-stack/stack v1.8.0/go.mod h1:v0f6uXyyMGvRgIKkXu+yp6POWl0qKG85gN/melR3HDY=
github.com/go-stack/stack v1.8.1 h1:ntEHSVwIt7PNXNpgPmVfMrNhLtgjlmnZha2kOpuRiDw=
github.com/go-stack/stack v1.8.1/go.mod h1:dcoOX6HbPZSZptuspn9bctJ+N/CnF5gGygcUP3XYfe4=
github.com/inconshreveable/log15 v0.0.0-20200109203555-b30bc20e4fd1 h1:KUDFlmBg2buRWNzIcwLlKvfcnujcHQRQ1As1LoaCLAM=
github.com/inconshreveable/log15 v0.0.0-20200109203555-b30bc20e4fd1/go.mod h1:cOaXtrgN4ScfRrD9Bre7U1thNq5RtJ8ZoP4iXVGRj6o=
github.com/inconshreveable/log15 v0.0.0-20201112154412-8562bdadbbac h1:n1DqxAo4oWPMvH1+v+DLYlMCecgumhhgnxAPdqDIFHI=
github.com/inconshreveable/log15 v0.0.0-20201112154412-8562bdadbbac/go.mod h1:cOaXtrgN4ScfRrD9Bre7U1thNq5RtJ8ZoP4iXVGRj6o=
github.com/mattn/go-colorable v0.1.6 h1:6Su7aK7lXmJ/U79bYtBjLNaha4Fs1Rg9plHpcH+vvnE=
github.com/mattn/go-colorable v0.1.6/go.mod h1:u6P/XSegPjTcexA+o6vUJrdnUu04hMope9wVRipJSqc=
github.com/mattn/go-colorable v0.1.7 h1:bQGKb3vps/j0E9GfJQ03JyhRuxsvdAanXlT9BTw3mdw=
github.com/mattn/go-colorable v0.1.7/go.mod h1:u6P/XSegPjTcexA+o6vUJrdnUu04hMope9wVRipJSqc=
github.com/mattn/go-colorable v0.1.8 h1:c1ghPdyEDarC70ftn0y+A/Ee++9zz8ljHG1b13eJ0s8=
github.com/mattn/go-colorable v0.1.8/go.mod h1:u6P/XSegPjTcexA+o6vUJrdnUu04hMope9wVRipJSqc=
github.com/mattn/go-isatty v0.0.12 h1:wuysRhFDzyxgEmMf5xjvJ2M9dZoWAXNNr5LSBS7uHXY=
github.com/mattn/go-isatty v0.0.12/go.mod h1:cbi8OIDigv2wuxKPP5vlRcQ1OAZbq2CE4Kysco4FUpU=
github.com/mattn/go-isatty v0.0.14 h1:yVuAays6BHfxijgZPzw+3Zlu5yQgKGP2/hcQbHb7S9Y=
github.com/mattn/go-isatty v0.0.14/go.mod h1:7GGIvUiUoEMVVmxf/4nioHXj79iQHKdU27kJ6hsGG94=
github.com/mudler/sendfd v0.0.0-20150620134918-f0fc74c13877 h1:Xp2ntqpIKo5TC32/FgcLOHnx9MeT+EUirUNjwXcqN+E=
github.com/mudler/sendfd v0.0.0-20150620134918-f0fc74c13877/go.mod h1:j4hnSAX0+AZQpILVkkVRwfQTeAFMH0crQMGe5apT9Yo=
github.com/whyrusleeping/hellabot v0.0.0-20200524171630-1ea75c7dc208 h1:aYt+RcWgOldaeUw8mVT2HBD9FZ7o7zJe4TmDiRLjqqA=
github.com/whyrusleeping/hellabot v0.0.0-20200524171630-1ea75c7dc208/go.mod h1:QnYhOmNb255hT5xoRfsGXVTjUeM/eDUwDakFzPd5lr4=
github.com/whyrusleeping/hellabot v0.0.0-20210911120626-00b4557a8b7f h1:rh6qyBpzUd37yzJtuh0LRWNl7LPbEm3ahari4wPtDb0=
github.com/whyrusleeping/hellabot v0.0.0-20210911120626-00b4557a8b7f/go.mod h1:g3f61CcN5csyM0R/e0xF2FX8gKiuGHREi3ostG6FWlQ=
github.com/whyrusleeping/hellabot v0.0.0-20210911174225-a7171d1b12f2 h1:4H02ShpwIM5oo72z5Mu2jjDE47TepIBZIBkIHfJ5f18=
github.com/whyrusleeping/hellabot v0.0.0-20210911174225-a7171d1b12f2/go.mod h1:g3f61CcN5csyM0R/e0xF2FX8gKiuGHREi3ostG6FWlQ=
golang.org/x/sys v0.0.0-20200116001909-b77594299b42/go.mod h1:h1NjWce9XRLGQEsW7wpKNCjG9DtNlClVuFLEZdDNbEs=
golang.org/x/sys v0.0.0-20200223170610-d5e6a3e2c0ae h1:/WDfKMnPU+m5M4xB+6x4kaepxRw6jWvR5iDRdvjHgy8=
golang.org/x/sys v0.0.0-20200223170610-d5e6a3e2c0ae/go.mod h1:h1NjWce9XRLGQEsW7wpKNCjG9DtNlClVuFLEZdDNbEs=
golang.org/x/sys v0.0.0-20200728102440-3e129f6d46b1 h1:sIky/MyNRSHTrdxfsiUSS4WIAMvInbeXljJz+jDjeYE=
golang.org/x/sys v0.0.0-20200728102440-3e129f6d46b1/go.mod h1:h1NjWce9XRLGQEsW7wpKNCjG9DtNlClVuFLEZdDNbEs=
golang.org/x/sys v0.0.0-20210630005230-0f9fa26af87c/go.mod h1:oPkhp1MJrh7nUepCBck5+mAzfO9JrbApNNgaTdGDITg=
golang.org/x/sys v0.0.0-20210910150752-751e447fb3d0 h1:xrCZDmdtoloIiooiA9q0OQb9r8HejIHYoHGhGCe1pGg=
golang.org/x/sys v0.0.0-20210910150752-751e447fb3d0/go.mod h1:oPkhp1MJrh7nUepCBck5+mAzfO9JrbApNNgaTdGDITg=
gopkg.in/inconshreveable/log15.v2 v2.0.0-20200109203555-b30bc20e4fd1 h1:iiHuQZCNgYPmFQxd3BBN/Nc5+dAwzZuq5y40s20oQw0=
gopkg.in/inconshreveable/log15.v2 v2.0.0-20200109203555-b30bc20e4fd1/go.mod h1:aPpfJ7XW+gOuirDoZ8gHhLh3kZ1B08FtV2bbmy7Jv3s=
gopkg.in/sorcix/irc.v1 v1.1.4 h1:ejxu1vDyqn1d+I5WXzh93pMDq5NqdwBl3V/eN5c2we8=
gopkg.in/sorcix/irc.v1 v1.1.4/go.mod h1:CHwY3DGuZpB6/OvF+fj4Jlvnj6QeS56EUTDoQkuAePM=
gopkg.in/sorcix/irc.v2 v2.0.0-20200812151606-3f15758ea8c7 h1:XS4tmz0w7EYviIrBpFVww8IyKJQiIX5SU/1ptPVtBWI=
gopkg.in/sorcix/irc.v2 v2.0.0-20200812151606-3f15758ea8c7/go.mod h1:PmJkUcwbuPi1FiZ9Rarr6wzVMvzkO7uWqH1jwrMkgW0=
